// !$*UTF8*$!
{
	archiveVersion = 1;
	classes = {
	};
	objectVersion = 56;
	objects = {

/* Begin PBXBuildFile section */
		AA1054F72B1F4E940064C710 /* AppDelegate.swift in Sources */ = {isa = PBXBuildFile; fileRef = AA1054F62B1F4E940064C710 /* AppDelegate.swift */; };
		AA1054F92B1F4E940064C710 /* SceneDelegate.swift in Sources */ = {isa = PBXBuildFile; fileRef = AA1054F82B1F4E940064C710 /* SceneDelegate.swift */; };
		AA1054FB2B1F4E940064C710 /* RMTabViewController.swift in Sources */ = {isa = PBXBuildFile; fileRef = AA1054FA2B1F4E940064C710 /* RMTabViewController.swift */; };
		AA1055002B1F4E950064C710 /* Assets.xcassets in Resources */ = {isa = PBXBuildFile; fileRef = AA1054FF2B1F4E950064C710 /* Assets.xcassets */; };
		AA1055032B1F4E950064C710 /* LaunchScreen.storyboard in Resources */ = {isa = PBXBuildFile; fileRef = AA1055012B1F4E950064C710 /* LaunchScreen.storyboard */; };
		AA1055122B1F663F0064C710 /* RMLocation.swift in Sources */ = {isa = PBXBuildFile; fileRef = AA1055112B1F663F0064C710 /* RMLocation.swift */; };
		AA1055142B1F66480064C710 /* RMCharacters.swift in Sources */ = {isa = PBXBuildFile; fileRef = AA1055132B1F66480064C710 /* RMCharacters.swift */; };
		AA1055162B1F66570064C710 /* RMEpisode.swift in Sources */ = {isa = PBXBuildFile; fileRef = AA1055152B1F66570064C710 /* RMEpisode.swift */; };
		AA1055192B1F66F20064C710 /* RMEpisodeViewController.swift in Sources */ = {isa = PBXBuildFile; fileRef = AA1055182B1F66F20064C710 /* RMEpisodeViewController.swift */; };
		AA10551B2B1F66FB0064C710 /* RMLocationViewController.swift in Sources */ = {isa = PBXBuildFile; fileRef = AA10551A2B1F66FB0064C710 /* RMLocationViewController.swift */; };
		AA10551D2B1F67100064C710 /* RMCharacterViewController.swift in Sources */ = {isa = PBXBuildFile; fileRef = AA10551C2B1F67100064C710 /* RMCharacterViewController.swift */; };
		AA10551F2B1F67220064C710 /* RMSettingsViewController.swift in Sources */ = {isa = PBXBuildFile; fileRef = AA10551E2B1F67220064C710 /* RMSettingsViewController.swift */; };
		AA675DAF2B2056D10070CC1F /* RMService.swift in Sources */ = {isa = PBXBuildFile; fileRef = AA675DAE2B2056D10070CC1F /* RMService.swift */; };
		AA675DB12B2056DD0070CC1F /* RMRequest.swift in Sources */ = {isa = PBXBuildFile; fileRef = AA675DB02B2056DD0070CC1F /* RMRequest.swift */; };
		AA675DB32B2057660070CC1F /* RMEndpoint.swift in Sources */ = {isa = PBXBuildFile; fileRef = AA675DB22B2057660070CC1F /* RMEndpoint.swift */; };
/* End PBXBuildFile section */

/* Begin PBXFileReference section */
		AA1054F32B1F4E940064C710 /* RickAndMorty.app */ = {isa = PBXFileReference; explicitFileType = wrapper.application; includeInIndex = 0; path = RickAndMorty.app; sourceTree = BUILT_PRODUCTS_DIR; };
		AA1054F62B1F4E940064C710 /* AppDelegate.swift */ = {isa = PBXFileReference; lastKnownFileType = sourcecode.swift; path = AppDelegate.swift; sourceTree = "<group>"; };
		AA1054F82B1F4E940064C710 /* SceneDelegate.swift */ = {isa = PBXFileReference; lastKnownFileType = sourcecode.swift; path = SceneDelegate.swift; sourceTree = "<group>"; };
		AA1054FA2B1F4E940064C710 /* RMTabViewController.swift */ = {isa = PBXFileReference; lastKnownFileType = sourcecode.swift; path = RMTabViewController.swift; sourceTree = "<group>"; };
		AA1054FF2B1F4E950064C710 /* Assets.xcassets */ = {isa = PBXFileReference; lastKnownFileType = folder.assetcatalog; path = Assets.xcassets; sourceTree = "<group>"; };
		AA1055022B1F4E950064C710 /* Base */ = {isa = PBXFileReference; lastKnownFileType = file.storyboard; name = Base; path = Base.lproj/LaunchScreen.storyboard; sourceTree = "<group>"; };
		AA1055042B1F4E950064C710 /* Info.plist */ = {isa = PBXFileReference; lastKnownFileType = text.plist.xml; path = Info.plist; sourceTree = "<group>"; };
		AA1055112B1F663F0064C710 /* RMLocation.swift */ = {isa = PBXFileReference; lastKnownFileType = sourcecode.swift; path = RMLocation.swift; sourceTree = "<group>"; };
		AA1055132B1F66480064C710 /* RMCharacters.swift */ = {isa = PBXFileReference; lastKnownFileType = sourcecode.swift; path = RMCharacters.swift; sourceTree = "<group>"; };
		AA1055152B1F66570064C710 /* RMEpisode.swift */ = {isa = PBXFileReference; lastKnownFileType = sourcecode.swift; path = RMEpisode.swift; sourceTree = "<group>"; };
		AA1055182B1F66F20064C710 /* RMEpisodeViewController.swift */ = {isa = PBXFileReference; lastKnownFileType = sourcecode.swift; path = RMEpisodeViewController.swift; sourceTree = "<group>"; };
		AA10551A2B1F66FB0064C710 /* RMLocationViewController.swift */ = {isa = PBXFileReference; lastKnownFileType = sourcecode.swift; path = RMLocationViewController.swift; sourceTree = "<group>"; };
		AA10551C2B1F67100064C710 /* RMCharacterViewController.swift */ = {isa = PBXFileReference; lastKnownFileType = sourcecode.swift; path = RMCharacterViewController.swift; sourceTree = "<group>"; };
		AA10551E2B1F67220064C710 /* RMSettingsViewController.swift */ = {isa = PBXFileReference; lastKnownFileType = sourcecode.swift; path = RMSettingsViewController.swift; sourceTree = "<group>"; };
		AA675DAE2B2056D10070CC1F /* RMService.swift */ = {isa = PBXFileReference; lastKnownFileType = sourcecode.swift; path = RMService.swift; sourceTree = "<group>"; };
		AA675DB02B2056DD0070CC1F /* RMRequest.swift */ = {isa = PBXFileReference; lastKnownFileType = sourcecode.swift; path = RMRequest.swift; sourceTree = "<group>"; };
		AA675DB22B2057660070CC1F /* RMEndpoint.swift */ = {isa = PBXFileReference; lastKnownFileType = sourcecode.swift; path = RMEndpoint.swift; sourceTree = "<group>"; };
/* End PBXFileReference section */

/* Begin PBXFrameworksBuildPhase section */
		AA1054F02B1F4E940064C710 /* Frameworks */ = {
			isa = PBXFrameworksBuildPhase;
			buildActionMask = 2147483647;
			files = (
			);
			runOnlyForDeploymentPostprocessing = 0;
		};
/* End PBXFrameworksBuildPhase section */

/* Begin PBXGroup section */
		AA1054EA2B1F4E940064C710 = {
			isa = PBXGroup;
			children = (
				AA1054F52B1F4E940064C710 /* RickAndMorty */,
				AA1054F42B1F4E940064C710 /* Products */,
			);
			sourceTree = "<group>";
		};
		AA1054F42B1F4E940064C710 /* Products */ = {
			isa = PBXGroup;
			children = (
				AA1054F32B1F4E940064C710 /* RickAndMorty.app */,
			);
			name = Products;
			sourceTree = "<group>";
		};
		AA1054F52B1F4E940064C710 /* RickAndMorty */ = {
			isa = PBXGroup;
			children = (
				AA10550B2B1F51FB0064C710 /* Models */,
				AA10550C2B1F52030064C710 /* Views */,
				AA10550D2B1F52080064C710 /* ViewModels */,
				AA10550A2B1F51F30064C710 /* Controllers */,
				AA10550F2B1F52210064C710 /* APIClient */,
				AA10550E2B1F520F0064C710 /* Managers */,
				AA1055102B1F52270064C710 /* Resources */,
				AA1055042B1F4E950064C710 /* Info.plist */,
			);
			path = RickAndMorty;
			sourceTree = "<group>";
		};
		AA10550A2B1F51F30064C710 /* Controllers */ = {
			isa = PBXGroup;
			children = (
				AA1055172B1F66D00064C710 /* Core */,
			);
			path = Controllers;
			sourceTree = "<group>";
		};
		AA10550B2B1F51FB0064C710 /* Models */ = {
			isa = PBXGroup;
			children = (
				AA1055112B1F663F0064C710 /* RMLocation.swift */,
				AA1055132B1F66480064C710 /* RMCharacters.swift */,
				AA1055152B1F66570064C710 /* RMEpisode.swift */,
			);
			path = Models;
			sourceTree = "<group>";
		};
		AA10550C2B1F52030064C710 /* Views */ = {
			isa = PBXGroup;
			children = (
			);
			path = Views;
			sourceTree = "<group>";
		};
		AA10550D2B1F52080064C710 /* ViewModels */ = {
			isa = PBXGroup;
			children = (
			);
			path = ViewModels;
			sourceTree = "<group>";
		};
		AA10550E2B1F520F0064C710 /* Managers */ = {
			isa = PBXGroup;
			children = (
			);
			path = Managers;
			sourceTree = "<group>";
		};
		AA10550F2B1F52210064C710 /* APIClient */ = {
			isa = PBXGroup;
			children = (
				AA675DAE2B2056D10070CC1F /* RMService.swift */,
				AA675DB02B2056DD0070CC1F /* RMRequest.swift */,
				AA675DB22B2057660070CC1F /* RMEndpoint.swift */,
			);
			path = APIClient;
			sourceTree = "<group>";
		};
		AA1055102B1F52270064C710 /* Resources */ = {
			isa = PBXGroup;
			children = (
				AA1054F62B1F4E940064C710 /* AppDelegate.swift */,
				AA1054F82B1F4E940064C710 /* SceneDelegate.swift */,
				AA1054FF2B1F4E950064C710 /* Assets.xcassets */,
				AA1055012B1F4E950064C710 /* LaunchScreen.storyboard */,
			);
			path = Resources;
			sourceTree = "<group>";
		};
		AA1055172B1F66D00064C710 /* Core */ = {
			isa = PBXGroup;
			children = (
				AA1054FA2B1F4E940064C710 /* RMTabViewController.swift */,
				AA1055182B1F66F20064C710 /* RMEpisodeViewController.swift */,
				AA10551A2B1F66FB0064C710 /* RMLocationViewController.swift */,
				AA10551C2B1F67100064C710 /* RMCharacterViewController.swift */,
				AA10551E2B1F67220064C710 /* RMSettingsViewController.swift */,
			);
			path = Core;
			sourceTree = "<group>";
		};
/* End PBXGroup section */

/* Begin PBXNativeTarget section */
		AA1054F22B1F4E940064C710 /* RickAndMorty */ = {
			isa = PBXNativeTarget;
			buildConfigurationList = AA1055072B1F4E950064C710 /* Build configuration list for PBXNativeTarget "RickAndMorty" */;
			buildPhases = (
				AA1054EF2B1F4E940064C710 /* Sources */,
				AA1054F02B1F4E940064C710 /* Frameworks */,
				AA1054F12B1F4E940064C710 /* Resources */,
			);
			buildRules = (
			);
			dependencies = (
			);
			name = RickAndMorty;
			productName = RickAndMorty;
			productReference = AA1054F32B1F4E940064C710 /* RickAndMorty.app */;
			productType = "com.apple.product-type.application";
		};
/* End PBXNativeTarget section */

/* Begin PBXProject section */
		AA1054EB2B1F4E940064C710 /* Project object */ = {
			isa = PBXProject;
			attributes = {
				BuildIndependentTargetsInParallel = 1;
				LastSwiftUpdateCheck = 1500;
				LastUpgradeCheck = 1500;
				TargetAttributes = {
					AA1054F22B1F4E940064C710 = {
						CreatedOnToolsVersion = 15.0.1;
					};
				};
			};
			buildConfigurationList = AA1054EE2B1F4E940064C710 /* Build configuration list for PBXProject "RickAndMorty" */;
			compatibilityVersion = "Xcode 14.0";
			developmentRegion = en;
			hasScannedForEncodings = 0;
			knownRegions = (
				en,
				Base,
			);
			mainGroup = AA1054EA2B1F4E940064C710;
			productRefGroup = AA1054F42B1F4E940064C710 /* Products */;
			projectDirPath = "";
			projectRoot = "";
			targets = (
				AA1054F22B1F4E940064C710 /* RickAndMorty */,
			);
		};
/* End PBXProject section */

/* Begin PBXResourcesBuildPhase section */
		AA1054F12B1F4E940064C710 /* Resources */ = {
			isa = PBXResourcesBuildPhase;
			buildActionMask = 2147483647;
			files = (
				AA1055032B1F4E950064C710 /* LaunchScreen.storyboard in Resources */,
				AA1055002B1F4E950064C710 /* Assets.xcassets in Resources */,
			);
			runOnlyForDeploymentPostprocessing = 0;
		};
/* End PBXResourcesBuildPhase section */

/* Begin PBXSourcesBuildPhase section */
		AA1054EF2B1F4E940064C710 /* Sources */ = {
			isa = PBXSourcesBuildPhase;
			buildActionMask = 2147483647;
			files = (
				AA10551B2B1F66FB0064C710 /* RMLocationViewController.swift in Sources */,
				AA10551D2B1F67100064C710 /* RMCharacterViewController.swift in Sources */,
				AA1055162B1F66570064C710 /* RMEpisode.swift in Sources */,
				AA1055192B1F66F20064C710 /* RMEpisodeViewController.swift in Sources */,
				AA1054FB2B1F4E940064C710 /* RMTabViewController.swift in Sources */,
				AA1054F72B1F4E940064C710 /* AppDelegate.swift in Sources */,
				AA10551F2B1F67220064C710 /* RMSettingsViewController.swift in Sources */,
				AA675DB32B2057660070CC1F /* RMEndpoint.swift in Sources */,
				AA675DAF2B2056D10070CC1F /* RMService.swift in Sources */,
				AA1055122B1F663F0064C710 /* RMLocation.swift in Sources */,
				AA1054F92B1F4E940064C710 /* SceneDelegate.swift in Sources */,
				AA675DB12B2056DD0070CC1F /* RMRequest.swift in Sources */,
				AA1055142B1F66480064C710 /* RMCharacters.swift in Sources */,
			);
			runOnlyForDeploymentPostprocessing = 0;
		};
/* End PBXSourcesBuildPhase section */

/* Begin PBXVariantGroup section */
		AA1055012B1F4E950064C710 /* LaunchScreen.storyboard */ = {
			isa = PBXVariantGroup;
			children = (
				AA1055022B1F4E950064C710 /* Base */,
			);
			name = LaunchScreen.storyboard;
			sourceTree = "<group>";
		};
/* End PBXVariantGroup section */

/* Begin XCBuildConfiguration section */
		AA1055052B1F4E950064C710 /* Debug */ = {
			isa = XCBuildConfiguration;
			buildSettings = {
				ALWAYS_SEARCH_USER_PATHS = NO;
				ASSETCATALOG_COMPILER_GENERATE_SWIFT_ASSET_SYMBOL_EXTENSIONS = YES;
				CLANG_ANALYZER_NONNULL = YES;
				CLANG_ANALYZER_NUMBER_OBJECT_CONVERSION = YES_AGGRESSIVE;
				CLANG_CXX_LANGUAGE_STANDARD = "gnu++20";
				CLANG_ENABLE_MODULES = YES;
				CLANG_ENABLE_OBJC_ARC = YES;
				CLANG_ENABLE_OBJC_WEAK = YES;
				CLANG_WARN_BLOCK_CAPTURE_AUTORELEASING = YES;
				CLANG_WARN_BOOL_CONVERSION = YES;
				CLANG_WARN_COMMA = YES;
				CLANG_WARN_CONSTANT_CONVERSION = YES;
				CLANG_WARN_DEPRECATED_OBJC_IMPLEMENTATIONS = YES;
				CLANG_WARN_DIRECT_OBJC_ISA_USAGE = YES_ERROR;
				CLANG_WARN_DOCUMENTATION_COMMENTS = YES;
				CLANG_WARN_EMPTY_BODY = YES;
				CLANG_WARN_ENUM_CONVERSION = YES;
				CLANG_WARN_INFINITE_RECURSION = YES;
				CLANG_WARN_INT_CONVERSION = YES;
				CLANG_WARN_NON_LITERAL_NULL_CONVERSION = YES;
				CLANG_WARN_OBJC_IMPLICIT_RETAIN_SELF = YES;
				CLANG_WARN_OBJC_LITERAL_CONVERSION = YES;
				CLANG_WARN_OBJC_ROOT_CLASS = YES_ERROR;
				CLANG_WARN_QUOTED_INCLUDE_IN_FRAMEWORK_HEADER = YES;
				CLANG_WARN_RANGE_LOOP_ANALYSIS = YES;
				CLANG_WARN_STRICT_PROTOTYPES = YES;
				CLANG_WARN_SUSPICIOUS_MOVE = YES;
				CLANG_WARN_UNGUARDED_AVAILABILITY = YES_AGGRESSIVE;
				CLANG_WARN_UNREACHABLE_CODE = YES;
				CLANG_WARN__DUPLICATE_METHOD_MATCH = YES;
				COPY_PHASE_STRIP = NO;
				DEBUG_INFORMATION_FORMAT = dwarf;
				ENABLE_STRICT_OBJC_MSGSEND = YES;
				ENABLE_TESTABILITY = YES;
				ENABLE_USER_SCRIPT_SANDBOXING = YES;
				GCC_C_LANGUAGE_STANDARD = gnu17;
				GCC_DYNAMIC_NO_PIC = NO;
				GCC_NO_COMMON_BLOCKS = YES;
				GCC_OPTIMIZATION_LEVEL = 0;
				GCC_PREPROCESSOR_DEFINITIONS = (
					"DEBUG=1",
					"$(inherited)",
				);
				GCC_WARN_64_TO_32_BIT_CONVERSION = YES;
				GCC_WARN_ABOUT_RETURN_TYPE = YES_ERROR;
				GCC_WARN_UNDECLARED_SELECTOR = YES;
				GCC_WARN_UNINITIALIZED_AUTOS = YES_AGGRESSIVE;
				GCC_WARN_UNUSED_FUNCTION = YES;
				GCC_WARN_UNUSED_VARIABLE = YES;
				IPHONEOS_DEPLOYMENT_TARGET = 17.0;
				LOCALIZATION_PREFERS_STRING_CATALOGS = YES;
				MTL_ENABLE_DEBUG_INFO = INCLUDE_SOURCE;
				MTL_FAST_MATH = YES;
				ONLY_ACTIVE_ARCH = YES;
				SDKROOT = iphoneos;
				SWIFT_ACTIVE_COMPILATION_CONDITIONS = "DEBUG $(inherited)";
				SWIFT_OPTIMIZATION_LEVEL = "-Onone";
			};
			name = Debug;
		};
		AA1055062B1F4E950064C710 /* Release */ = {
			isa = XCBuildConfiguration;
			buildSettings = {
				ALWAYS_SEARCH_USER_PATHS = NO;
				ASSETCATALOG_COMPILER_GENERATE_SWIFT_ASSET_SYMBOL_EXTENSIONS = YES;
				CLANG_ANALYZER_NONNULL = YES;
				CLANG_ANALYZER_NUMBER_OBJECT_CONVERSION = YES_AGGRESSIVE;
				CLANG_CXX_LANGUAGE_STANDARD = "gnu++20";
				CLANG_ENABLE_MODULES = YES;
				CLANG_ENABLE_OBJC_ARC = YES;
				CLANG_ENABLE_OBJC_WEAK = YES;
				CLANG_WARN_BLOCK_CAPTURE_AUTORELEASING = YES;
				CLANG_WARN_BOOL_CONVERSION = YES;
				CLANG_WARN_COMMA = YES;
				CLANG_WARN_CONSTANT_CONVERSION = YES;
				CLANG_WARN_DEPRECATED_OBJC_IMPLEMENTATIONS = YES;
				CLANG_WARN_DIRECT_OBJC_ISA_USAGE = YES_ERROR;
				CLANG_WARN_DOCUMENTATION_COMMENTS = YES;
				CLANG_WARN_EMPTY_BODY = YES;
				CLANG_WARN_ENUM_CONVERSION = YES;
				CLANG_WARN_INFINITE_RECURSION = YES;
				CLANG_WARN_INT_CONVERSION = YES;
				CLANG_WARN_NON_LITERAL_NULL_CONVERSION = YES;
				CLANG_WARN_OBJC_IMPLICIT_RETAIN_SELF = YES;
				CLANG_WARN_OBJC_LITERAL_CONVERSION = YES;
				CLANG_WARN_OBJC_ROOT_CLASS = YES_ERROR;
				CLANG_WARN_QUOTED_INCLUDE_IN_FRAMEWORK_HEADER = YES;
				CLANG_WARN_RANGE_LOOP_ANALYSIS = YES;
				CLANG_WARN_STRICT_PROTOTYPES = YES;
				CLANG_WARN_SUSPICIOUS_MOVE = YES;
				CLANG_WARN_UNGUARDED_AVAILABILITY = YES_AGGRESSIVE;
				CLANG_WARN_UNREACHABLE_CODE = YES;
				CLANG_WARN__DUPLICATE_METHOD_MATCH = YES;
				COPY_PHASE_STRIP = NO;
				DEBUG_INFORMATION_FORMAT = "dwarf-with-dsym";
				ENABLE_NS_ASSERTIONS = NO;
				ENABLE_STRICT_OBJC_MSGSEND = YES;
				ENABLE_USER_SCRIPT_SANDBOXING = YES;
				GCC_C_LANGUAGE_STANDARD = gnu17;
				GCC_NO_COMMON_BLOCKS = YES;
				GCC_WARN_64_TO_32_BIT_CONVERSION = YES;
				GCC_WARN_ABOUT_RETURN_TYPE = YES_ERROR;
				GCC_WARN_UNDECLARED_SELECTOR = YES;
				GCC_WARN_UNINITIALIZED_AUTOS = YES_AGGRESSIVE;
				GCC_WARN_UNUSED_FUNCTION = YES;
				GCC_WARN_UNUSED_VARIABLE = YES;
				IPHONEOS_DEPLOYMENT_TARGET = 17.0;
				LOCALIZATION_PREFERS_STRING_CATALOGS = YES;
				MTL_ENABLE_DEBUG_INFO = NO;
				MTL_FAST_MATH = YES;
				SDKROOT = iphoneos;
				SWIFT_COMPILATION_MODE = wholemodule;
				VALIDATE_PRODUCT = YES;
			};
			name = Release;
		};
		AA1055082B1F4E950064C710 /* Debug */ = {
			isa = XCBuildConfiguration;
			buildSettings = {
				ASSETCATALOG_COMPILER_APPICON_NAME = AppIcon;
				ASSETCATALOG_COMPILER_GLOBAL_ACCENT_COLOR_NAME = AccentColor;
				CODE_SIGN_STYLE = Automatic;
				CURRENT_PROJECT_VERSION = 1;
				DEVELOPMENT_TEAM = AM3BMZ58QA;
				GENERATE_INFOPLIST_FILE = YES;
				INFOPLIST_FILE = RickAndMorty/Info.plist;
				INFOPLIST_KEY_UIApplicationSupportsIndirectInputEvents = YES;
				INFOPLIST_KEY_UILaunchStoryboardName = LaunchScreen;
				INFOPLIST_KEY_UISupportedInterfaceOrientations_iPad = "UIInterfaceOrientationPortrait UIInterfaceOrientationPortraitUpsideDown UIInterfaceOrientationLandscapeLeft UIInterfaceOrientationLandscapeRight";
				INFOPLIST_KEY_UISupportedInterfaceOrientations_iPhone = "UIInterfaceOrientationPortrait UIInterfaceOrientationLandscapeLeft UIInterfaceOrientationLandscapeRight";
				LD_RUNPATH_SEARCH_PATHS = (
					"$(inherited)",
					"@executable_path/Frameworks",
				);
				MARKETING_VERSION = 1.0;
				PRODUCT_BUNDLE_IDENTIFIER = com.berkinkoca.RickAndMorty;
				PRODUCT_NAME = "$(TARGET_NAME)";
				SWIFT_EMIT_LOC_STRINGS = YES;
				SWIFT_VERSION = 5.0;
				TARGETED_DEVICE_FAMILY = "1,2";
			};
			name = Debug;
		};
		AA1055092B1F4E950064C710 /* Release */ = {
			isa = XCBuildConfiguration;
			buildSettings = {
				ASSETCATALOG_COMPILER_APPICON_NAME = AppIcon;
				ASSETCATALOG_COMPILER_GLOBAL_ACCENT_COLOR_NAME = AccentColor;
				CODE_SIGN_STYLE = Automatic;
				CURRENT_PROJECT_VERSION = 1;
				DEVELOPMENT_TEAM = AM3BMZ58QA;
				GENERATE_INFOPLIST_FILE = YES;
				INFOPLIST_FILE = RickAndMorty/Info.plist;
				INFOPLIST_KEY_UIApplicationSupportsIndirectInputEvents = YES;
				INFOPLIST_KEY_UILaunchStoryboardName = LaunchScreen;
				INFOPLIST_KEY_UISupportedInterfaceOrientations_iPad = "UIInterfaceOrientationPortrait UIInterfaceOrientationPortraitUpsideDown UIInterfaceOrientationLandscapeLeft UIInterfaceOrientationLandscapeRight";
				INFOPLIST_KEY_UISupportedInterfaceOrientations_iPhone = "UIInterfaceOrientationPortrait UIInterfaceOrientationLandscapeLeft UIInterfaceOrientationLandscapeRight";
				LD_RUNPATH_SEARCH_PATHS = (
					"$(inherited)",
					"@executable_path/Frameworks",
				);
				MARKETING_VERSION = 1.0;
				PRODUCT_BUNDLE_IDENTIFIER = com.berkinkoca.RickAndMorty;
				PRODUCT_NAME = "$(TARGET_NAME)";
				SWIFT_EMIT_LOC_STRINGS = YES;
				SWIFT_VERSION = 5.0;
				TARGETED_DEVICE_FAMILY = "1,2";
			};
			name = Release;
		};
/* End XCBuildConfiguration section */

/* Begin XCConfigurationList section */
		AA1054EE2B1F4E940064C710 /* Build configuration list for PBXProject "RickAndMorty" */ = {
			isa = XCConfigurationList;
			buildConfigurations = (
				AA1055052B1F4E950064C710 /* Debug */,
				AA1055062B1F4E950064C710 /* Release */,
			);
			defaultConfigurationIsVisible = 0;
			defaultConfigurationName = Release;
		};
		AA1055072B1F4E950064C710 /* Build configuration list for PBXNativeTarget "RickAndMorty" */ = {
			isa = XCConfigurationList;
			buildConfigurations = (
				AA1055082B1F4E950064C710 /* Debug */,
				AA1055092B1F4E950064C710 /* Release */,
			);
			defaultConfigurationIsVisible = 0;
			defaultConfigurationName = Release;
		};
/* End XCConfigurationList section */
	};
	rootObject = AA1054EB2B1F4E940064C710 /* Project object */;
}
